
Microsoft Visual Studio Solution File, Format Version 12.00
# Visual Studio Version 17
VisualStudioVersion = 17.14.35906.104 d17.14
MinimumVisualStudioVersion = 10.0.40219.1
Project("{FAE04EC0-301F-11D3-BF4B-00C04F79EFBC}") = "KA_11.PL", "KA_11.PL\KA_11.PL.csproj", "{C9FA0B7B-E913-4C7E-9801-2C42C8EEADC0}"
EndProject
Global
	GlobalSection(SolutionConfigurationPlatforms) = preSolution
		Debug|Any CPU = Debug|Any CPU
		Release|Any CPU = Release|Any CPU
	EndGlobalSection
	GlobalSection(ProjectConfigurationPlatforms) = postSolution
		{C9FA0B7B-E913-4C7E-9801-2C42C8EEADC0}.Debug|Any CPU.ActiveCfg = Debug|Any CPU
		{C9FA0B7B-E913-4C7E-9801-2C42C8EEADC0}.Debug|Any CPU.Build.0 = Debug|Any CPU
		{C9FA0B7B-E913-4C7E-9801-2C42C8EEADC0}.Release|Any CPU.ActiveCfg = Release|Any CPU
		{C9FA0B7B-E913-4C7E-9801-2C42C8EEADC0}.Release|Any CPU.Build.0 = Release|Any CPU
	EndGlobalSection
	GlobalSection(SolutionProperties) = preSolution
		HideSolutionNode = FALSE
	EndGlobalSection
	GlobalSection(ExtensibilityGlobals) = postSolution
		SolutionGuid = {EE4A754A-F739-4139-9B2C-19FA14979DE6}
	EndGlobalSection
EndGlobal
